<?xml version="1.0" encoding="utf-8"?>
<Project ToolsVersion="4.0" xmlns="http://schemas.microsoft.com/developer/msbuild/2003">
  <ItemGroup>
    <ClCompile Include="Render\Camera.cpp">
      <Filter>Render</Filter>
    </ClCompile>
    <ClCompile Include="Render\Render.cpp">
      <Filter>Render</Filter>
    </ClCompile>
    <ClCompile Include="Scene.cpp">
      <Filter>General\Scenes</Filter>
    </ClCompile>
    <ClCompile Include="SceneP0.cpp">
      <Filter>General\Scenes</Filter>
    </ClCompile>
    <ClCompile Include="SceneP1.cpp">
      <Filter>General\Scenes</Filter>
    </ClCompile>
    <ClCompile Include="Entity.cpp">
      <Filter>Entities</Filter>
    </ClCompile>
    <ClCompile Include="Proyectil.cpp">
      <Filter>Entities</Filter>
    </ClCompile>
    <ClCompile Include="RenderUtils.cpp">
      <Filter>Render</Filter>
    </ClCompile>
    <ClCompile Include="ParticleSystem.cpp">
      <Filter>Entities\Particles</Filter>
    </ClCompile>
    <ClCompile Include="Particle.cpp">
      <Filter>Entities\Particles</Filter>
    </ClCompile>
    <ClCompile Include="callbacks.cpp">
      <Filter>General</Filter>
    </ClCompile>
    <ClCompile Include="Vector3D.cpp">
      <Filter>General</Filter>
    </ClCompile>
    <ClCompile Include="SceneP2_GEN1.cpp">
      <Filter>General\Scenes</Filter>
    </ClCompile>
    <ClCompile Include="GaussianGenerator.cpp">
      <Filter>Entities\Particles</Filter>
    </ClCompile>
    <ClCompile Include="UniformGenerator.cpp">
      <Filter>Entities\Particles</Filter>
    </ClCompile>
    <ClCompile Include="SceneP2_GEN2.cpp">
      <Filter>General\Scenes</Filter>
    </ClCompile>
    <ClCompile Include="SceneP4.cpp">
      <Filter>General\Scenes</Filter>
    </ClCompile>
    <ClCompile Include="GravityGenerator.cpp">
      <Filter>ForceGenerators</Filter>
    </ClCompile>
    <ClCompile Include="WindGenerator.cpp">
      <Filter>ForceGenerators</Filter>
    </ClCompile>
    <ClCompile Include="WhirlwindGenerator.cpp">
      <Filter>ForceGenerators</Filter>
    </ClCompile>
    <ClCompile Include="ExplosionGenerator.cpp">
      <Filter>ForceGenerators</Filter>
    </ClCompile>
    <ClCompile Include="SceneP3_Explosion.cpp">
      <Filter>General\Scenes</Filter>
    </ClCompile>
    <ClCompile Include="CompoundEntity.cpp">
      <Filter>Entities</Filter>
    </ClCompile>
    <ClCompile Include="Enemy.cpp">
      <Filter>Game</Filter>
    </ClCompile>
    <ClCompile Include="gameScene.cpp">
      <Filter>General\Scenes</Filter>
    </ClCompile>
    <ClCompile Include="shootManager.cpp">
      <Filter>Game</Filter>
    </ClCompile>
    <ClCompile Include="dockForceGenerator.cpp">
      <Filter>ForceGenerators</Filter>
    </ClCompile>
    <ClCompile Include="Player.cpp">
      <Filter>Game</Filter>
    </ClCompile>
    <ClCompile Include="main.cpp">
      <Filter>General</Filter>
    </ClCompile>
    <ClCompile Include="RubberyForceGenerator.cpp">
      <Filter>ForceGenerators</Filter>
    </ClCompile>
    <ClCompile Include="FloatingForceGenerator.cpp">
      <Filter>ForceGenerators</Filter>
    </ClCompile>
    <ClCompile Include="Slinky.cpp">
      <Filter>Entities</Filter>
    </ClCompile>
    <ClCompile Include="SceneP4Floating.cpp">
      <Filter>General\Scenes</Filter>
    </ClCompile>
    <ClCompile Include="DynamicSolidRigid.cpp">
      <Filter>Entities\SolidosRigidos</Filter>
    </ClCompile>
    <ClCompile Include="StaticSolidRigid.cpp">
      <Filter>Entities\SolidosRigidos</Filter>
    </ClCompile>
    <ClCompile Include="RigidBodySystem.cpp">
      <Filter>Entities\SolidosRigidos</Filter>
    </ClCompile>
    <ClCompile Include="SolidRigidGaussianGenerator.cpp">
      <Filter>Entities\SolidosRigidos</Filter>
    </ClCompile>
    <ClCompile Include="SceneP5.cpp">
      <Filter>General\Scenes</Filter>
    </ClCompile>
    <ClCompile Include="Characther.cpp">
      <Filter>Entities</Filter>
    </ClCompile>
    <ClCompile Include="GeneradorNave.cpp">
      <Filter>Game</Filter>
    </ClCompile>
    <ClCompile Include="nave.cpp">
      <Filter>Game</Filter>
    </ClCompile>
  </ItemGroup>
  <ItemGroup>
    <ClInclude Include="Render\Camera.h">
      <Filter>Render</Filter>
    </ClInclude>
    <ClInclude Include="Render\Render.h">
      <Filter>Render</Filter>
    </ClInclude>
    <ClInclude Include="Scene.h">
      <Filter>General\Scenes</Filter>
    </ClInclude>
    <ClInclude Include="SceneP0.h">
      <Filter>General\Scenes</Filter>
    </ClInclude>
    <ClInclude Include="SceneP1.h">
      <Filter>General\Scenes</Filter>
    </ClInclude>
    <ClInclude Include="Entity.h">
      <Filter>Entities</Filter>
    </ClInclude>
    <ClInclude Include="Proyectil.h">
      <Filter>Entities</Filter>
    </ClInclude>
    <ClInclude Include="RenderUtils.hpp">
      <Filter>Render</Filter>
    </ClInclude>
    <ClInclude Include="ParticleSystem.h">
      <Filter>Entities\Particles</Filter>
    </ClInclude>
    <ClInclude Include="GaussianGenerator.h">
      <Filter>Entities\Particles</Filter>
    </ClInclude>
    <ClInclude Include="callbacks.hpp">
      <Filter>General</Filter>
    </ClInclude>
    <ClInclude Include="checkML.h">
      <Filter>General</Filter>
    </ClInclude>
    <ClInclude Include="core.hpp">
      <Filter>General</Filter>
    </ClInclude>
    <ClInclude Include="Vector3D.h">
      <Filter>General</Filter>
    </ClInclude>
    <ClInclude Include="SceneP2_GEN1.h">
      <Filter>General\Scenes</Filter>
    </ClInclude>
    <ClInclude Include="UniformGenerator.h">
      <Filter>Entities\Particles</Filter>
    </ClInclude>
    <ClInclude Include="SceneP2_GEN2.h">
      <Filter>General\Scenes</Filter>
    </ClInclude>
    <ClInclude Include="SceneP4.h">
      <Filter>General\Scenes</Filter>
    </ClInclude>
    <ClInclude Include="ForceGenerator.h">
      <Filter>ForceGenerators</Filter>
    </ClInclude>
    <ClInclude Include="GravityGenerator.h">
      <Filter>ForceGenerators</Filter>
    </ClInclude>
    <ClInclude Include="WindGenerator.h">
      <Filter>ForceGenerators</Filter>
    </ClInclude>
    <ClInclude Include="WhirlwindGenerator.h">
      <Filter>ForceGenerators</Filter>
    </ClInclude>
    <ClInclude Include="ExplosionGenerator.h">
      <Filter>ForceGenerators</Filter>
    </ClInclude>
    <ClInclude Include="SceneP3_Explosion.h">
      <Filter>General\Scenes</Filter>
    </ClInclude>
    <ClInclude Include="CompoundEntity.h">
      <Filter>Entities</Filter>
    </ClInclude>
    <ClInclude Include="Enemy.h">
      <Filter>Game</Filter>
    </ClInclude>
    <ClInclude Include="Characther.h">
      <Filter>Entities</Filter>
    </ClInclude>
    <ClInclude Include="gameScene.h">
      <Filter>General\Scenes</Filter>
    </ClInclude>
    <ClInclude Include="shootManager.h">
      <Filter>Game</Filter>
    </ClInclude>
    <ClInclude Include="dockForceGenerator.h">
      <Filter>ForceGenerators</Filter>
    </ClInclude>
    <ClInclude Include="Player.h">
      <Filter>Game</Filter>
    </ClInclude>
    <ClInclude Include="RubberyForceGenerator.h">
      <Filter>ForceGenerators</Filter>
    </ClInclude>
    <ClInclude Include="FloatingForceGenerator.h">
      <Filter>ForceGenerators</Filter>
    </ClInclude>
    <ClInclude Include="Slinky.h">
      <Filter>Entities</Filter>
    </ClInclude>
    <ClInclude Include="SceneP4Floating.h">
      <Filter>General\Scenes</Filter>
    </ClInclude>
    <ClInclude Include="DynamicSolidRigid.h">
      <Filter>Entities\SolidosRigidos</Filter>
    </ClInclude>
    <ClInclude Include="StaticSolidRigid.h">
      <Filter>Entities\SolidosRigidos</Filter>
    </ClInclude>
    <ClInclude Include="ParticleGen.h">
      <Filter>Entities\Particles</Filter>
    </ClInclude>
    <ClInclude Include="RigidBodySystem.h">
      <Filter>Entities\SolidosRigidos</Filter>
    </ClInclude>
    <ClInclude Include="SolidRigidGenerator.h">
      <Filter>Entities\SolidosRigidos</Filter>
    </ClInclude>
    <ClInclude Include="SolidRigidGaussianGenerator.h">
      <Filter>Entities\SolidosRigidos</Filter>
    </ClInclude>
    <ClInclude Include="SceneP5.h">
      <Filter>General\Scenes</Filter>
    </ClInclude>
    <ClInclude Include="Particle.h">
      <Filter>Entities\SolidosRigidos</Filter>
    </ClInclude>
    <ClInclude Include="GeneradorNave.h">
      <Filter>Game</Filter>
    </ClInclude>
    <ClInclude Include="nave.h">
      <Filter>Game</Filter>
    </ClInclude>
    <ClInclude Include="CallBackEnumType.h">
      <Filter>Game</Filter>
    </ClInclude>
  </ItemGroup>
  <ItemGroup>
    <Filter Include="Render">
      <UniqueIdentifier>{d04b4f9f-5a69-465e-8070-25c6d0bcd3c2}</UniqueIdentifier>
    </Filter>
    <Filter Include="Entities">
      <UniqueIdentifier>{c046ea5f-a5c8-4132-9f8d-6ff047310c65}</UniqueIdentifier>
    </Filter>
    <Filter Include="General">
      <UniqueIdentifier>{1620f2aa-c471-4bbd-a3b0-0170961d0c2e}</UniqueIdentifier>
    </Filter>
    <Filter Include="ForceGenerators">
      <UniqueIdentifier>{afb1548d-af30-4b15-8d3e-88d104a822ca}</UniqueIdentifier>
    </Filter>
    <Filter Include="General\Scenes">
      <UniqueIdentifier>{9627b38e-e0ad-4be9-b003-9f8b1b3eb776}</UniqueIdentifier>
    </Filter>
    <Filter Include="Game">
      <UniqueIdentifier>{ab6c6fb1-cd0a-4db3-abc1-c9ce329ed69e}</UniqueIdentifier>
    </Filter>
    <Filter Include="Entities\SolidosRigidos">
      <UniqueIdentifier>{709cafe6-3fec-4a3b-9d63-155411bd5aa1}</UniqueIdentifier>
    </Filter>
    <Filter Include="Entities\Particles">
      <UniqueIdentifier>{f129fd3b-18b7-49a5-aaac-7d19bb247733}</UniqueIdentifier>
    </Filter>
  </ItemGroup>
</Project>